
Microsoft Visual Studio Solution File, Format Version 12.00
# Visual Studio Version 17
VisualStudioVersion = 17.13.35931.197 d17.13
MinimumVisualStudioVersion = 10.0.40219.1
Project("{FAE04EC0-301F-11D3-BF4B-00C04F79EFBC}") = "MMC", "MMC\MMC.csproj", "{97D1FAE4-0A1A-45EA-B2E4-E7F0C060302E}"
EndProject
Global
	GlobalSection(SolutionConfigurationPlatforms) = preSolution
		Debug|Any CPU = Debug|Any CPU
		Release|Any CPU = Release|Any CPU
	EndGlobalSection
	GlobalSection(ProjectConfigurationPlatforms) = postSolution
		{97D1FAE4-0A1A-45EA-B2E4-E7F0C060302E}.Debug|Any CPU.ActiveCfg = Debug|Any CPU
		{97D1FAE4-0A1A-45EA-B2E4-E7F0C060302E}.Debug|Any CPU.Build.0 = Debug|Any CPU
		{97D1FAE4-0A1A-45EA-B2E4-E7F0C060302E}.Release|Any CPU.ActiveCfg = Release|Any CPU
		{97D1FAE4-0A1A-45EA-B2E4-E7F0C060302E}.Release|Any CPU.Build.0 = Release|Any CPU
	EndGlobalSection
	GlobalSection(SolutionProperties) = preSolution
		HideSolutionNode = FALSE
	EndGlobalSection
	GlobalSection(ExtensibilityGlobals) = postSolution
		SolutionGuid = {1589783A-D720-4E07-AAA8-F4AA11563933}
	EndGlobalSection
EndGlobal
